
Microsoft Visual Studio Solution File, Format Version 12.00
# Visual Studio 15
VisualStudioVersion = 15.0.27428.2005
MinimumVisualStudioVersion = 10.0.40219.1
Project("{FAE04EC0-301F-11D3-BF4B-00C04F79EFBC}") = "EmployeeListConsoleCore", "EmployeeListConsoleCore\EmployeeListConsoleCore.csproj", "{4828548D-A326-4D83-9509-59D2E21C82FF}"
EndProject
Global
	GlobalSection(SolutionConfigurationPlatforms) = preSolution
		Debug|Any CPU = Debug|Any CPU
		Release|Any CPU = Release|Any CPU
	EndGlobalSection
	GlobalSection(ProjectConfigurationPlatforms) = postSolution
		{4828548D-A326-4D83-9509-59D2E21C82FF}.Debug|Any CPU.ActiveCfg = Debug|Any CPU
		{4828548D-A326-4D83-9509-59D2E21C82FF}.Debug|Any CPU.Build.0 = Debug|Any CPU
		{4828548D-A326-4D83-9509-59D2E21C82FF}.Release|Any CPU.ActiveCfg = Release|Any CPU
		{4828548D-A326-4D83-9509-59D2E21C82FF}.Release|Any CPU.Build.0 = Release|Any CPU
	EndGlobalSection
	GlobalSection(SolutionProperties) = preSolution
		HideSolutionNode = FALSE
	EndGlobalSection
	GlobalSection(ExtensibilityGlobals) = postSolution
		SolutionGuid = {FDF8EFAE-B6D0-4CD8-AC45-3437A843FACC}
	EndGlobalSection
EndGlobal
